
Microsoft Visual Studio Solution File, Format Version 11.00
# Visual Studio 2010
Project("{FAE04EC0-301F-11D3-BF4B-00C04F79EFBC}") = "NimbleBluetoothImpedanceManager", "NimbleBluetoothImpedanceManager\NimbleBluetoothImpedanceManager.csproj", "{4F6F473C-7900-4AD7-AB26-0B8E16D7835C}"
EndProject
Project("{FAE04EC0-301F-11D3-BF4B-00C04F79EFBC}") = "Tests_BluetoothCommsManager", "Tests_BluetoothCommsManager\Tests_BluetoothCommsManager.csproj", "{6E6E30A0-FB4A-45F3-80B9-8C9096895B94}"
EndProject
Project("{2150E333-8FDC-42A3-9474-1A3956D46DE8}") = "Solution Items", "Solution Items", "{48134D57-AA08-40FA-B1AD-5F7AECAE2DAE}"
EndProject
Project("{FAE04EC0-301F-11D3-BF4B-00C04F79EFBC}") = "NimbleSequences", "SequenceParser\NimbleSequences.csproj", "{0E677005-74F7-475A-9B6C-245EE3ECED01}"
EndProject
Project("{FAE04EC0-301F-11D3-BF4B-00C04F79EFBC}") = "TelemParserTests", "TelemParserTests\TelemParserTests.csproj", "{EA1CDEFC-4286-43BA-A562-3F88EF97C5F4}"
EndProject
Project("{FAE04EC0-301F-11D3-BF4B-00C04F79EFBC}") = "NimbleSequencesTests", "NimbleSequencesTests\NimbleSequencesTests.csproj", "{236B99F7-EF37-4479-9320-2D4B3320A28E}"
EndProject
Project("{FAE04EC0-301F-11D3-BF4B-00C04F79EFBC}") = "PIC_Sequence", "H:\CochlearImplantSequenceEncoder\PIC_Sequence\PIC_Sequence.csproj", "{5D075E0C-7117-4608-B0DD-278E8C2CA928}"
EndProject
Global
	GlobalSection(TestCaseManagementSettings) = postSolution
		CategoryFile = NimbleBluetoothImpedanceManager1.vsmdi
	EndGlobalSection
	GlobalSection(SolutionConfigurationPlatforms) = preSolution
		Debug|Any CPU = Debug|Any CPU
		Debug|Mixed Platforms = Debug|Mixed Platforms
		Debug|x86 = Debug|x86
		Release|Any CPU = Release|Any CPU
		Release|Mixed Platforms = Release|Mixed Platforms
		Release|x86 = Release|x86
	EndGlobalSection
	GlobalSection(ProjectConfigurationPlatforms) = postSolution
		{4F6F473C-7900-4AD7-AB26-0B8E16D7835C}.Debug|Any CPU.ActiveCfg = Debug|x86
		{4F6F473C-7900-4AD7-AB26-0B8E16D7835C}.Debug|Mixed Platforms.ActiveCfg = Debug|x86
		{4F6F473C-7900-4AD7-AB26-0B8E16D7835C}.Debug|Mixed Platforms.Build.0 = Debug|x86
		{4F6F473C-7900-4AD7-AB26-0B8E16D7835C}.Debug|x86.ActiveCfg = Debug|x86
		{4F6F473C-7900-4AD7-AB26-0B8E16D7835C}.Debug|x86.Build.0 = Debug|x86
		{4F6F473C-7900-4AD7-AB26-0B8E16D7835C}.Release|Any CPU.ActiveCfg = Release|x86
		{4F6F473C-7900-4AD7-AB26-0B8E16D7835C}.Release|Mixed Platforms.ActiveCfg = Release|x86
		{4F6F473C-7900-4AD7-AB26-0B8E16D7835C}.Release|Mixed Platforms.Build.0 = Release|x86
		{4F6F473C-7900-4AD7-AB26-0B8E16D7835C}.Release|x86.ActiveCfg = Release|x86
		{4F6F473C-7900-4AD7-AB26-0B8E16D7835C}.Release|x86.Build.0 = Release|x86
		{6E6E30A0-FB4A-45F3-80B9-8C9096895B94}.Debug|Any CPU.ActiveCfg = Debug|Any CPU
		{6E6E30A0-FB4A-45F3-80B9-8C9096895B94}.Debug|Any CPU.Build.0 = Debug|Any CPU
		{6E6E30A0-FB4A-45F3-80B9-8C9096895B94}.Debug|Mixed Platforms.ActiveCfg = Debug|Any CPU
		{6E6E30A0-FB4A-45F3-80B9-8C9096895B94}.Debug|Mixed Platforms.Build.0 = Debug|Any CPU
		{6E6E30A0-FB4A-45F3-80B9-8C9096895B94}.Debug|x86.ActiveCfg = Debug|Any CPU
		{6E6E30A0-FB4A-45F3-80B9-8C9096895B94}.Release|Any CPU.ActiveCfg = Release|Any CPU
		{6E6E30A0-FB4A-45F3-80B9-8C9096895B94}.Release|Any CPU.Build.0 = Release|Any CPU
		{6E6E30A0-FB4A-45F3-80B9-8C9096895B94}.Release|Mixed Platforms.ActiveCfg = Release|Any CPU
		{6E6E30A0-FB4A-45F3-80B9-8C9096895B94}.Release|Mixed Platforms.Build.0 = Release|Any CPU
		{6E6E30A0-FB4A-45F3-80B9-8C9096895B94}.Release|x86.ActiveCfg = Release|Any CPU
		{0E677005-74F7-475A-9B6C-245EE3ECED01}.Debug|Any CPU.ActiveCfg = Debug|Any CPU
		{0E677005-74F7-475A-9B6C-245EE3ECED01}.Debug|Any CPU.Build.0 = Debug|Any CPU
		{0E677005-74F7-475A-9B6C-245EE3ECED01}.Debug|Mixed Platforms.ActiveCfg = Debug|Any CPU
		{0E677005-74F7-475A-9B6C-245EE3ECED01}.Debug|Mixed Platforms.Build.0 = Debug|Any CPU
		{0E677005-74F7-475A-9B6C-245EE3ECED01}.Debug|x86.ActiveCfg = Debug|Any CPU
		{0E677005-74F7-475A-9B6C-245EE3ECED01}.Release|Any CPU.ActiveCfg = Release|Any CPU
		{0E677005-74F7-475A-9B6C-245EE3ECED01}.Release|Any CPU.Build.0 = Release|Any CPU
		{0E677005-74F7-475A-9B6C-245EE3ECED01}.Release|Mixed Platforms.ActiveCfg = Release|Any CPU
		{0E677005-74F7-475A-9B6C-245EE3ECED01}.Release|Mixed Platforms.Build.0 = Release|Any CPU
		{0E677005-74F7-475A-9B6C-245EE3ECED01}.Release|x86.ActiveCfg = Release|Any CPU
		{EA1CDEFC-4286-43BA-A562-3F88EF97C5F4}.Debug|Any CPU.ActiveCfg = Debug|Any CPU
		{EA1CDEFC-4286-43BA-A562-3F88EF97C5F4}.Debug|Any CPU.Build.0 = Debug|Any CPU
		{EA1CDEFC-4286-43BA-A562-3F88EF97C5F4}.Debug|Mixed Platforms.ActiveCfg = Debug|Any CPU
		{EA1CDEFC-4286-43BA-A562-3F88EF97C5F4}.Debug|Mixed Platforms.Build.0 = Debug|Any CPU
		{EA1CDEFC-4286-43BA-A562-3F88EF97C5F4}.Debug|x86.ActiveCfg = Debug|Any CPU
		{EA1CDEFC-4286-43BA-A562-3F88EF97C5F4}.Release|Any CPU.ActiveCfg = Release|Any CPU
		{EA1CDEFC-4286-43BA-A562-3F88EF97C5F4}.Release|Any CPU.Build.0 = Release|Any CPU
		{EA1CDEFC-4286-43BA-A562-3F88EF97C5F4}.Release|Mixed Platforms.ActiveCfg = Release|Any CPU
		{EA1CDEFC-4286-43BA-A562-3F88EF97C5F4}.Release|Mixed Platforms.Build.0 = Release|Any CPU
		{EA1CDEFC-4286-43BA-A562-3F88EF97C5F4}.Release|x86.ActiveCfg = Release|Any CPU
		{236B99F7-EF37-4479-9320-2D4B3320A28E}.Debug|Any CPU.ActiveCfg = Debug|Any CPU
		{236B99F7-EF37-4479-9320-2D4B3320A28E}.Debug|Any CPU.Build.0 = Debug|Any CPU
		{236B99F7-EF37-4479-9320-2D4B3320A28E}.Debug|Mixed Platforms.ActiveCfg = Debug|Any CPU
		{236B99F7-EF37-4479-9320-2D4B3320A28E}.Debug|Mixed Platforms.Build.0 = Debug|Any CPU
		{236B99F7-EF37-4479-9320-2D4B3320A28E}.Debug|x86.ActiveCfg = Debug|Any CPU
		{236B99F7-EF37-4479-9320-2D4B3320A28E}.Release|Any CPU.ActiveCfg = Release|Any CPU
		{236B99F7-EF37-4479-9320-2D4B3320A28E}.Release|Any CPU.Build.0 = Release|Any CPU
		{236B99F7-EF37-4479-9320-2D4B3320A28E}.Release|Mixed Platforms.ActiveCfg = Release|Any CPU
		{236B99F7-EF37-4479-9320-2D4B3320A28E}.Release|Mixed Platforms.Build.0 = Release|Any CPU
		{236B99F7-EF37-4479-9320-2D4B3320A28E}.Release|x86.ActiveCfg = Release|Any CPU
		{5D075E0C-7117-4608-B0DD-278E8C2CA928}.Debug|Any CPU.ActiveCfg = Debug|Any CPU
		{5D075E0C-7117-4608-B0DD-278E8C2CA928}.Debug|Any CPU.Build.0 = Debug|Any CPU
		{5D075E0C-7117-4608-B0DD-278E8C2CA928}.Debug|Mixed Platforms.ActiveCfg = Debug|Any CPU
		{5D075E0C-7117-4608-B0DD-278E8C2CA928}.Debug|Mixed Platforms.Build.0 = Debug|Any CPU
		{5D075E0C-7117-4608-B0DD-278E8C2CA928}.Debug|x86.ActiveCfg = Debug|Any CPU
		{5D075E0C-7117-4608-B0DD-278E8C2CA928}.Release|Any CPU.ActiveCfg = Release|Any CPU
		{5D075E0C-7117-4608-B0DD-278E8C2CA928}.Release|Any CPU.Build.0 = Release|Any CPU
		{5D075E0C-7117-4608-B0DD-278E8C2CA928}.Release|Mixed Platforms.ActiveCfg = Release|Any CPU
		{5D075E0C-7117-4608-B0DD-278E8C2CA928}.Release|Mixed Platforms.Build.0 = Release|Any CPU
		{5D075E0C-7117-4608-B0DD-278E8C2CA928}.Release|x86.ActiveCfg = Release|Any CPU
	EndGlobalSection
	GlobalSection(SolutionProperties) = preSolution
		HideSolutionNode = FALSE
	EndGlobalSection
EndGlobal
